
Microsoft Visual Studio Solution File, Format Version 12.00
# Visual Studio Version 17
VisualStudioVersion = 17.13.35825.156 d17.13
MinimumVisualStudioVersion = 10.0.40219.1
Project("{FAE04EC0-301F-11D3-BF4B-00C04F79EFBC}") = "eTickets", "eTickets\eTickets.csproj", "{2A4C7861-24B8-4A78-8012-A73F77E5CFAE}"
EndProject
Global
	GlobalSection(SolutionConfigurationPlatforms) = preSolution
		Debug|Any CPU = Debug|Any CPU
		Release|Any CPU = Release|Any CPU
	EndGlobalSection
	GlobalSection(ProjectConfigurationPlatforms) = postSolution
		{2A4C7861-24B8-4A78-8012-A73F77E5CFAE}.Debug|Any CPU.ActiveCfg = Debug|Any CPU
		{2A4C7861-24B8-4A78-8012-A73F77E5CFAE}.Debug|Any CPU.Build.0 = Debug|Any CPU
		{2A4C7861-24B8-4A78-8012-A73F77E5CFAE}.Release|Any CPU.ActiveCfg = Release|Any CPU
		{2A4C7861-24B8-4A78-8012-A73F77E5CFAE}.Release|Any CPU.Build.0 = Release|Any CPU
	EndGlobalSection
	GlobalSection(SolutionProperties) = preSolution
		HideSolutionNode = FALSE
	EndGlobalSection
	GlobalSection(ExtensibilityGlobals) = postSolution
		SolutionGuid = {2F3B50C3-379E-49F9-99F2-1D97FB18E9A8}
	EndGlobalSection
EndGlobal
